
Microsoft Visual Studio Solution File, Format Version 12.00
# Visual Studio Version 16
VisualStudioVersion = 16.0.29911.84
MinimumVisualStudioVersion = 10.0.40219.1
Project("{9A19103F-16F7-4668-BE54-9A1E7A4F7556}") = "BookAndPlay_API", "BookNadPlay_API\BookAndPlay_API.csproj", "{7F8FAEF2-4C24-4E3F-A063-C3ABC2271845}"
EndProject
Global
	GlobalSection(SolutionConfigurationPlatforms) = preSolution
		Debug|Any CPU = Debug|Any CPU
		Release|Any CPU = Release|Any CPU
	EndGlobalSection
	GlobalSection(ProjectConfigurationPlatforms) = postSolution
		{7F8FAEF2-4C24-4E3F-A063-C3ABC2271845}.Debug|Any CPU.ActiveCfg = Debug|Any CPU
		{7F8FAEF2-4C24-4E3F-A063-C3ABC2271845}.Debug|Any CPU.Build.0 = Debug|Any CPU
		{7F8FAEF2-4C24-4E3F-A063-C3ABC2271845}.Release|Any CPU.ActiveCfg = Release|Any CPU
		{7F8FAEF2-4C24-4E3F-A063-C3ABC2271845}.Release|Any CPU.Build.0 = Release|Any CPU
	EndGlobalSection
	GlobalSection(SolutionProperties) = preSolution
		HideSolutionNode = FALSE
	EndGlobalSection
	GlobalSection(ExtensibilityGlobals) = postSolution
		SolutionGuid = {9679FF4A-8A9B-429F-AF86-2A4440A26E2C}
	EndGlobalSection
EndGlobal
